
Microsoft Visual Studio Solution File, Format Version 12.00
# Visual Studio 15
VisualStudioVersion = 15.0.26621.2
MinimumVisualStudioVersion = 10.0.40219.1
Project("{FAE04EC0-301F-11D3-BF4B-00C04F79EFBC}") = "CardGameWar", "CardGameWar\CardGameWar.csproj", "{2A29C165-D391-4F88-932E-A8B227C0EB9C}"
EndProject
Global
	GlobalSection(SolutionConfigurationPlatforms) = preSolution
		Debug|Any CPU = Debug|Any CPU
		Release|Any CPU = Release|Any CPU
	EndGlobalSection
	GlobalSection(ProjectConfigurationPlatforms) = postSolution
		{2A29C165-D391-4F88-932E-A8B227C0EB9C}.Debug|Any CPU.ActiveCfg = Debug|Any CPU
		{2A29C165-D391-4F88-932E-A8B227C0EB9C}.Debug|Any CPU.Build.0 = Debug|Any CPU
		{2A29C165-D391-4F88-932E-A8B227C0EB9C}.Release|Any CPU.ActiveCfg = Release|Any CPU
		{2A29C165-D391-4F88-932E-A8B227C0EB9C}.Release|Any CPU.Build.0 = Release|Any CPU
	EndGlobalSection
	GlobalSection(SolutionProperties) = preSolution
		HideSolutionNode = FALSE
	EndGlobalSection
	GlobalSection(ExtensibilityGlobals) = postSolution
		SolutionGuid = {8B265C1D-3B17-4FB2-933B-203F0E763A8A}
	EndGlobalSection
EndGlobal
